
Microsoft Visual Studio Solution File, Format Version 12.00
# Visual Studio Version 17
VisualStudioVersion = 17.5.001.0
MinimumVisualStudioVersion = 10.0.40219.1
Project("{9A19103F-16F7-4668-BE54-9A1E7A4F7556}") = "CompressPDFCSharp", "CompressPDFCSharp.csproj", "{55E7ED56-3D43-4429-9FC2-56EB0849393D}"
EndProject
Global
	GlobalSection(SolutionConfigurationPlatforms) = preSolution
		Debug|Any CPU = Debug|Any CPU
		Release|Any CPU = Release|Any CPU
	EndGlobalSection
	GlobalSection(ProjectConfigurationPlatforms) = postSolution
		{55E7ED56-3D43-4429-9FC2-56EB0849393D}.Debug|Any CPU.ActiveCfg = Debug|Any CPU
		{55E7ED56-3D43-4429-9FC2-56EB0849393D}.Debug|Any CPU.Build.0 = Debug|Any CPU
		{55E7ED56-3D43-4429-9FC2-56EB0849393D}.Release|Any CPU.ActiveCfg = Release|Any CPU
		{55E7ED56-3D43-4429-9FC2-56EB0849393D}.Release|Any CPU.Build.0 = Release|Any CPU
	EndGlobalSection
	GlobalSection(SolutionProperties) = preSolution
		HideSolutionNode = FALSE
	EndGlobalSection
	GlobalSection(ExtensibilityGlobals) = postSolution
		SolutionGuid = {4529372C-F1F6-47ED-B6AE-6D7F39FCD7F4}
	EndGlobalSection
EndGlobal
